{
  "name": "starter-angular-symfony",
  "version": "1.0.0",
  "lockfileVersion": 1,
  "requires": true,
  "dependencies": {
    "@angular/common": {
      "version": "6.1.10",
      "resolved": "https://registry.npmjs.org/@angular/common/-/common-6.1.10.tgz",
      "integrity": "sha512-73xxTSYJNKfiJ7C1Ajg+sz5l8y+blb/vNgHYg7O3yem5zLBnfPpidJ1UGg4W4d2Y+jwUVJbZKh8SKJarqAJVUQ==",
      "dev": true,
      "requires": {
        "tslib": "^1.9.0"
      }
    },
    "any-promise": {
      "version": "1.3.0",
      "resolved": "https://registry.npmjs.org/any-promise/-/any-promise-1.3.0.tgz",
      "integrity": "sha1-q8av7tzqUugJzcA3au0845Y10X8=",
      "dev": true
    },
    "buffer-to-uint8array": {
      "version": "1.1.0",
      "resolved": "https://registry.npmjs.org/buffer-to-uint8array/-/buffer-to-uint8array-1.1.0.tgz",
      "integrity": "sha1-z29BKHwCL0WNp1LDkcGo1TXsX3I=",
      "dev": true
    },
    "end-of-stream": {
      "version": "1.1.0",
      "resolved": "https://registry.npmjs.org/end-of-stream/-/end-of-stream-1.1.0.tgz",
      "integrity": "sha1-6TUyWLqpEIll78QcsO+K3i88+wc=",
      "dev": true,
      "requires": {
        "once": "~1.3.0"
      }
    },
    "google-protobuf": {
      "version": "3.12.2",
      "resolved": "https://registry.npmjs.org/google-protobuf/-/google-protobuf-3.12.2.tgz",
      "integrity": "sha512-4CZhpuRr1d6HjlyrxoXoocoGFnRYgKULgMtikMddA9ztRyYR59Aondv2FioyxWVamRo0rF2XpYawkTCBEQOSkA==",
      "dev": true
    },
    "once": {
      "version": "1.3.3",
      "resolved": "https://registry.npmjs.org/once/-/once-1.3.3.tgz",
      "integrity": "sha1-suJhVXzkwxTsgwTz+oJmPkKXyiA=",
      "dev": true,
      "requires": {
        "wrappy": "1"
      }
    },
    "protoc-h1-plugins": {
      "version": "1.3.12",
      "resolved": "https://registry.npmjs.org/protoc-h1-plugins/-/protoc-h1-plugins-1.3.12.tgz",
      "integrity": "sha512-GtuwK9vuNNgeacN6oUcSCLr225FBIJjb/UNLPp78AgDBUtY6JmnmDhByAYfTiAUdDofoQIGm/1Jpaue2lMkL8A==",
      "dev": true,
      "requires": {
        "@angular/common": "^6.1.0",
        "buffer-to-uint8array": "^1.1.0",
        "google-protobuf": "^3.10.0",
        "rxjs": "~6.2.0",
        "stream-to-promise": "^2.2.0"
      }
    },
    "rxjs": {
      "version": "6.2.2",
      "resolved": "https://registry.npmjs.org/rxjs/-/rxjs-6.2.2.tgz",
      "integrity": "sha512-0MI8+mkKAXZUF9vMrEoPnaoHkfzBPP4IGwUYRJhIRJF6/w3uByO1e91bEHn8zd43RdkTMKiooYKmwz7RH6zfOQ==",
      "dev": true,
      "requires": {
        "tslib": "^1.9.0"
      }
    },
    "stream-to-array": {
      "version": "2.3.0",
      "resolved": "https://registry.npmjs.org/stream-to-array/-/stream-to-array-2.3.0.tgz",
      "integrity": "sha1-u/azn19D7DC8cbq8s3VXrOzzQ1M=",
      "dev": true,
      "requires": {
        "any-promise": "^1.1.0"
      }
    },
    "stream-to-promise": {
      "version": "2.2.0",
      "resolved": "https://registry.npmjs.org/stream-to-promise/-/stream-to-promise-2.2.0.tgz",
      "integrity": "sha1-se2y4cjLESidG1A8CNPyrvUeZQ8=",
      "dev": true,
      "requires": {
        "any-promise": "~1.3.0",
        "end-of-stream": "~1.1.0",
        "stream-to-array": "~2.3.0"
      }
    },
    "tslib": {
      "version": "1.13.0",
      "resolved": "https://registry.npmjs.org/tslib/-/tslib-1.13.0.tgz",
      "integrity": "sha512-i/6DQjL8Xf3be4K/E6Wgpekn5Qasl1usyw++dAA35Ue5orEn65VIxOA+YvNNl9HV3qv70T7CNwjODHZrLwvd1Q==",
      "dev": true
    },
    "wrappy": {
      "version": "1.0.2",
      "resolved": "https://registry.npmjs.org/wrappy/-/wrappy-1.0.2.tgz",
      "integrity": "sha1-tSQ9jz7BqjXxNkYFvA0QNuMKtp8=",
      "dev": true
    }
  }
}
